{
  "name": "bestax-codemod-cli",
  "lockfileVersion": 3,
  "requires": true,
  "packages": {
    "": {
      "name": "bestax-codemod-cli",
      "dependencies": {
        "codemod": "1.18.3"
      }
    },
    "node_modules/@codemod.com/cli-darwin-arm64": {
      "version": "1.18.3",
      "resolved": "https://registry.npmjs.org/@codemod.com/cli-darwin-arm64/-/cli-darwin-arm64-1.18.3.tgz",
      "integrity": "sha512-JwCIFbq3kOmTJF3Td71cexRiJpT5rhtICw8qGui/Xtmin3qAxPdj5fIJmkXJGC/Wu6dguqMqVRGlawaKe+WBvQ==",
      "cpu": [
        "arm64"
      ],
      "license": "Apache-2.0",
      "optional": true,
      "os": [
        "darwin"
      ],
      "engines": {
        "node": ">= 10"
      }
    },
    "node_modules/@codemod.com/cli-darwin-x64": {
      "version": "1.18.3",
      "resolved": "https://registry.npmjs.org/@codemod.com/cli-darwin-x64/-/cli-darwin-x64-1.18.3.tgz",
      "integrity": "sha512-d3I2GIMn933+tHXt9MdQyNdGfoD3Bt9cGwmVYdeLgOBLnOEeJHhXa+f7XB931sWsesnY0flJtpJe0UGZRKdaYw==",
      "cpu": [
        "x64"
      ],
      "license": "Apache-2.0",
      "optional": true,
      "os": [
        "darwin"
      ],
      "engines": {
        "node": ">= 10"
      }
    },
    "node_modules/@codemod.com/cli-linux-arm64-gnu": {
      "version": "1.18.3",
      "resolved": "https://registry.npmjs.org/@codemod.com/cli-linux-arm64-gnu/-/cli-linux-arm64-gnu-1.18.3.tgz",
      "integrity": "sha512-oWrz8yzFKN/mxLPnH4bAT5txn7xQd73Nnx/mrZqgDI9Cq5iit5is9gTz3EpxxFx4tvVUoHg/QR6gQ2o1BEd+Hg==",
      "cpu": [
        "arm64"
      ],
      "license": "Apache-2.0",
      "optional": true,
      "os": [
        "linux"
      ],
      "engines": {
        "node": ">= 10"
      }
    },
    "node_modules/@codemod.com/cli-linux-arm64-musl": {
      "version": "1.18.3",
      "resolved": "https://registry.npmjs.org/@codemod.com/cli-linux-arm64-musl/-/cli-linux-arm64-musl-1.18.3.tgz",
      "integrity": "sha512-A5iKZaI5ieRPpnNk7NbRALZrBqUytHjAH/CfEH25/nVaFJhakkpA04Z6fdh7ZMbSTtE+HxcYLcSJKz8glM+I9w==",
      "cpu": [
        "arm64"
      ],
      "license": "Apache-2.0",
      "optional": true,
      "os": [
        "linux"
      ],
      "engines": {
        "node": ">= 10"
      }
    },
    "node_modules/@codemod.com/cli-linux-x64-gnu": {
      "version": "1.18.3",
      "resolved": "https://registry.npmjs.org/@codemod.com/cli-linux-x64-gnu/-/cli-linux-x64-gnu-1.18.3.tgz",
      "integrity": "sha512-2ewVBixj86/Bkn/EDdZK9FFxepngRqr5GrwvtpiEaxTDz3XfvbUpu50jtD0SzMpEwcpHEDCr2psJdlNaTRUW+g==",
      "cpu": [
        "x64"
      ],
      "license": "Apache-2.0",
      "optional": true,
      "os": [
        "linux"
      ],
      "engines": {
        "node": ">= 10"
      }
    },
    "node_modules/@codemod.com/cli-linux-x64-musl": {
      "version": "1.18.3",
      "resolved": "https://registry.npmjs.org/@codemod.com/cli-linux-x64-musl/-/cli-linux-x64-musl-1.18.3.tgz",
      "integrity": "sha512-JkeWZhn00y25LlxDfkWMwOjoYnetmzp/KvdXbcnsbC4iVF4c9CpPwFapvuJ64VUsk3VsFQDB8lQ/SR9J2Mblig==",
      "cpu": [
        "x64"
      ],
      "license": "Apache-2.0",
      "optional": true,
      "os": [
        "linux"
      ],
      "engines": {
        "node": ">= 10"
      }
    },
    "node_modules/@codemod.com/cli-win32-x64-msvc": {
      "version": "1.18.3",
      "resolved": "https://registry.npmjs.org/@codemod.com/cli-win32-x64-msvc/-/cli-win32-x64-msvc-1.18.3.tgz",
      "integrity": "sha512-yxMHmFKLpbWf1nvYoZ21BZgHqZW73PefqFdUq2Abv9g8NTXRP1ZLItjRpwyBbhdgAvuLzk96BzigGb7vwYPAJA==",
      "cpu": [
        "x64"
      ],
      "license": "Apache-2.0",
      "optional": true,
      "os": [
        "win32"
      ],
      "engines": {
        "node": ">= 10"
      }
    },
    "node_modules/codemod": {
      "version": "1.18.3",
      "resolved": "https://registry.npmjs.org/codemod/-/codemod-1.18.3.tgz",
      "integrity": "sha512-cG3RcyPSWF0/mByubQ9/TdO21X1uiVV/V7kBpqCJjlb48hm0RdDTCZSj/lvw5xKk5wVddGb3uhEetBVPeYNkRw==",
      "license": "Apache-2.0",
      "dependencies": {
        "detect-libc": "^2.0.3"
      },
      "bin": {
        "codemod": "codemod"
      },
      "engines": {
        "node": ">= 16.0.0"
      },
      "optionalDependencies": {
        "@codemod.com/cli-darwin-arm64": "1.18.3",
        "@codemod.com/cli-darwin-x64": "1.18.3",
        "@codemod.com/cli-linux-arm64-gnu": "1.18.3",
        "@codemod.com/cli-linux-arm64-musl": "1.18.3",
        "@codemod.com/cli-linux-x64-gnu": "1.18.3",
        "@codemod.com/cli-linux-x64-musl": "1.18.3",
        "@codemod.com/cli-win32-x64-msvc": "1.18.3"
      }
    },
    "node_modules/detect-libc": {
      "version": "2.1.2",
      "resolved": "https://registry.npmjs.org/detect-libc/-/detect-libc-2.1.2.tgz",
      "integrity": "sha512-Btj2BOOO83o3WyH59e8MgXsxEQVcarkUOpEYrubB0urwnN10yQ364rsiByU11nZlqWYZm05i/of7io4mzihBtQ==",
      "license": "Apache-2.0",
      "engines": {
        "node": ">=8"
      }
    }
  }
}
